
Microsoft Visual Studio Solution File, Format Version 12.00
# Visual Studio 2013
VisualStudioVersion = 12.0.40629.0
MinimumVisualStudioVersion = 10.0.40219.1
Project("{FAE04EC0-301F-11D3-BF4B-00C04F79EFBC}") = "DemoTravisCI", "DemoTravisCI\DemoTravisCI.csproj", "{70FD629E-F3A1-4023-B054-A57AFFC769B6}"
EndProject
Project("{2150E333-8FDC-42A3-9474-1A3956D46DE8}") = "Solution Items", "Solution Items", "{8104EE91-BB20-4571-B46A-6C3BD9FAD243}"
	ProjectSection(SolutionItems) = preProject
		.travis.yml = .travis.yml
	EndProjectSection
EndProject
Project("{FAE04EC0-301F-11D3-BF4B-00C04F79EFBC}") = "Test", "Test\Test.csproj", "{3DE25EED-613F-4B34-99F6-D4EEEE622E03}"
EndProject
Global
	GlobalSection(SolutionConfigurationPlatforms) = preSolution
		Debug|Any CPU = Debug|Any CPU
		Release|Any CPU = Release|Any CPU
	EndGlobalSection
	GlobalSection(ProjectConfigurationPlatforms) = postSolution
		{70FD629E-F3A1-4023-B054-A57AFFC769B6}.Debug|Any CPU.ActiveCfg = Debug|Any CPU
		{70FD629E-F3A1-4023-B054-A57AFFC769B6}.Debug|Any CPU.Build.0 = Debug|Any CPU
		{70FD629E-F3A1-4023-B054-A57AFFC769B6}.Release|Any CPU.ActiveCfg = Release|Any CPU
		{70FD629E-F3A1-4023-B054-A57AFFC769B6}.Release|Any CPU.Build.0 = Release|Any CPU
		{3DE25EED-613F-4B34-99F6-D4EEEE622E03}.Debug|Any CPU.ActiveCfg = Debug|Any CPU
		{3DE25EED-613F-4B34-99F6-D4EEEE622E03}.Debug|Any CPU.Build.0 = Debug|Any CPU
		{3DE25EED-613F-4B34-99F6-D4EEEE622E03}.Release|Any CPU.ActiveCfg = Release|Any CPU
		{3DE25EED-613F-4B34-99F6-D4EEEE622E03}.Release|Any CPU.Build.0 = Release|Any CPU
	EndGlobalSection
	GlobalSection(SolutionProperties) = preSolution
		HideSolutionNode = FALSE
	EndGlobalSection
EndGlobal
